<?xml version="1.0" encoding="utf-8"?>
<Project ToolsVersion="4.0" xmlns="http://schemas.microsoft.com/developer/msbuild/2003">
  <ItemGroup>
    <Filter Include="Source Files">
      <UniqueIdentifier>{4FC737F1-C7A5-4376-A066-2A32D752A2FF}</UniqueIdentifier>
      <Extensions>cpp;c;cc;cxx;def;odl;idl;hpj;bat;asm;asmx</Extensions>
    </Filter>
    <Filter Include="Header Files">
      <UniqueIdentifier>{93995380-89BD-4b04-88EB-625FBE52EBFB}</UniqueIdentifier>
      <Extensions>h;hh;hpp;hxx;hm;inl;inc;xsd</Extensions>
    </Filter>
    <Filter Include="Resource Files">
      <UniqueIdentifier>{67DA6AB6-F800-4c08-8B7A-83BB121AAD01}</UniqueIdentifier>
      <Extensions>rc;ico;cur;bmp;dlg;rc2;rct;bin;rgs;gif;jpg;jpeg;jpe;resx;tiff;tif;png;wav;mfcribbon-ms</Extensions>
    </Filter>
    <Filter Include="Source Files\Object">
      <UniqueIdentifier>{2e765941-01ce-4176-b648-af15723eeb03}</UniqueIdentifier>
    </Filter>
    <Filter Include="Header Files\ObjectH">
      <UniqueIdentifier>{6c4110a6-735c-4eb2-b2f5-ae0150b228ee}</UniqueIdentifier>
    </Filter>
  </ItemGroup>
  <ItemGroup>
    <Text Include="ReadMe.txt" />
  </ItemGroup>
  <ItemGroup>
    <ClInclude Include="stdafx.h">
      <Filter>Header Files</Filter>
    </ClInclude>
    <ClInclude Include="CastlePic.h">
      <Filter>Header Files\ObjectH</Filter>
    </ClInclude>
    <ClInclude Include="MountainPic.h">
      <Filter>Header Files\ObjectH</Filter>
    </ClInclude>
    <ClInclude Include="Tree.h">
      <Filter>Header Files\ObjectH</Filter>
    </ClInclude>
    <ClInclude Include="WaterPic.h">
      <Filter>Header Files\ObjectH</Filter>
    </ClInclude>
    <ClInclude Include="FountainPic.h">
      <Filter>Header Files\ObjectH</Filter>
    </ClInclude>
    <ClInclude Include="CollisionDetection.h">
      <Filter>Header Files</Filter>
    </ClInclude>
    <ClInclude Include="Main.h">
      <Filter>Header Files</Filter>
    </ClInclude>
    <ClInclude Include="MainCharacter.h">
      <Filter>Header Files</Filter>
    </ClInclude>
    <ClInclude Include="MapGame.h">
      <Filter>Header Files</Filter>
    </ClInclude>
    <ClInclude Include="SDL_Setup.h">
      <Filter>Header Files</Filter>
    </ClInclude>
    <ClInclude Include="Sprite.h">
      <Filter>Header Files</Filter>
    </ClInclude>
    <ClInclude Include="SoilPic.h">
      <Filter>Header Files\ObjectH</Filter>
    </ClInclude>
    <ClInclude Include="TentPic.h">
      <Filter>Header Files\ObjectH</Filter>
    </ClInclude>
    <ClInclude Include="WheatPic.h">
      <Filter>Header Files\ObjectH</Filter>
    </ClInclude>
    <ClInclude Include="FlagPic.h">
      <Filter>Header Files\ObjectH</Filter>
    </ClInclude>
  </ItemGroup>
  <ItemGroup>
    <ClCompile Include="GameSDL.cpp">
      <Filter>Source Files</Filter>
    </ClCompile>
    <ClCompile Include="CastlePic.cpp">
      <Filter>Source Files\Object</Filter>
    </ClCompile>
    <ClCompile Include="MountainPic.cpp">
      <Filter>Source Files\Object</Filter>
    </ClCompile>
    <ClCompile Include="Tree.cpp">
      <Filter>Source Files\Object</Filter>
    </ClCompile>
    <ClCompile Include="WaterPic.cpp">
      <Filter>Source Files\Object</Filter>
    </ClCompile>
    <ClCompile Include="FountainPic.cpp">
      <Filter>Source Files\Object</Filter>
    </ClCompile>
    <ClCompile Include="CollisionDetection.cpp">
      <Filter>Source Files</Filter>
    </ClCompile>
    <ClCompile Include="Main.cpp">
      <Filter>Source Files</Filter>
    </ClCompile>
    <ClCompile Include="MainCharacter.cpp">
      <Filter>Source Files</Filter>
    </ClCompile>
    <ClCompile Include="MapGame.cpp">
      <Filter>Source Files</Filter>
    </ClCompile>
    <ClCompile Include="SDL_Setup.cpp">
      <Filter>Source Files</Filter>
    </ClCompile>
    <ClCompile Include="Sprite.cpp">
      <Filter>Source Files</Filter>
    </ClCompile>
    <ClCompile Include="SoilPic.cpp">
      <Filter>Source Files\Object</Filter>
    </ClCompile>
    <ClCompile Include="TentPic.cpp">
      <Filter>Source Files\Object</Filter>
    </ClCompile>
    <ClCompile Include="WheatPic.cpp">
      <Filter>Source Files\Object</Filter>
    </ClCompile>
    <ClCompile Include="FlagPic.cpp">
      <Filter>Source Files\Object</Filter>
    </ClCompile>
  </ItemGroup>
</Project>